# This file is automatically @generated by Poetry 2.2.1 and should not be changed by hand.

[[package]]
name = "behave"
version = "1.3.3"
description = "behave is behaviour-driven development, Python style"
optional = false
python-versions = "!=3.0.*,!=3.1.*,!=3.2.*,>=2.7"
groups = ["dev"]
files = [
    {file = "behave-1.3.3-py2.py3-none-any.whl", hash = "sha256:89bdb62af8fb9f147ce245736a5de69f025e5edfb66f1fbe16c5007493f842c0"},
    {file = "behave-1.3.3.tar.gz", hash = "sha256:2b8f4b64ed2ea756a5a2a73e23defc1c4631e9e724c499e46661778453ebaf51"},
]

[package.dependencies]
colorama = ">=0.3.7"
cucumber-expressions = {version = ">=17.1.0", markers = "python_version >= \"3.8\""}
cucumber-tag-expressions = ">=4.1.0"
parse = ">=1.18.0"
parse-type = ">=0.6.0"
six = ">=1.15.0"
tomli = {version = ">=1.1.0", markers = "python_version >= \"3.0\" and python_version < \"3.11\""}
win_unicode_console = {version = "*", markers = "python_version <= \"3.9\""}

[package.extras]
develop = ["PyHamcrest (<2.0) ; python_version < \"3.0\"", "PyHamcrest (>=2.0.2) ; python_version >= \"3.0\"", "build (>=0.5.1)", "coverage (>=5.0)", "invoke (>=1.7.0) ; python_version >= \"3.6\"", "invoke (>=1.7.0,<2.0) ; python_version < \"3.6\"", "mock (<4.0) ; python_version < \"3.6\"", "mock (>=4.0) ; python_version >= \"3.6\"", "modernize (>=0.5)", "path (>=13.1.0) ; python_version >= \"3.5\"", "path.py (>=11.5.0) ; python_version < \"3.5\"", "pycmd", "pylint", "pytest (>=4.2,<5.0) ; python_version < \"3.0\"", "pytest (>=5.0) ; python_version >= \"3.0\"", "pytest-cov", "pytest-html (>=1.19.0,<2.0) ; python_version < \"3.0\"", "pytest-html (>=2.0) ; python_version >= \"3.0\"", "ruff ; python_version >= \"3.7\"", "tox (>=3.28.0,<4.0)", "twine (>=1.13.0)", "virtualenv (<20.22.0) ; python_version < \"3.7\"", "virtualenv (>=20.26.6) ; python_version >= \"3.7\""]
docs = ["furo (>=2024.04.27) ; python_version >= \"3.8\"", "sphinx (>=1.6,<4.4) ; python_version < \"3.7\"", "sphinx (>=7.4.0) ; python_version >= \"3.7\"", "sphinx-copybutton (>=0.5.2) ; python_version >= \"3.7\"", "sphinxcontrib-applehelp (>=1.0.8) ; python_version >= \"3.7\"", "sphinxcontrib-htmlhelp (>=2.0.5) ; python_version >= \"3.7\""]
formatters = ["behave-html-formatter (>=0.9.10) ; python_version >= \"3.6\"", "behave-html-pretty-formatter (>=1.9.1) ; python_version >= \"3.6\""]
testing = ["PyHamcrest (<2.0) ; python_version < \"3.0\"", "PyHamcrest (>=2.0.2) ; python_version >= \"3.0\"", "assertpy (>=1.1)", "chardet", "freezegun (>=1.5.1) ; python_version > \"3.7\"", "mock (<4.0) ; python_version < \"3.6\"", "mock (>=4.0) ; python_version >= \"3.6\"", "path (>=13.1.0) ; python_version >= \"3.5\"", "path.py (>=11.5.0,<13.0) ; python_version < \"3.5\"", "pytest (<5.0) ; python_version < \"3.0\"", "pytest (>=5.0) ; python_version >= \"3.0\"", "pytest-html (>=1.19.0,<2.0) ; python_version < \"3.0\"", "pytest-html (>=2.0) ; python_version >= \"3.0\""]

[[package]]
name = "colorama"
version = "0.4.6"
description = "Cross-platform colored terminal text."
optional = false
python-versions = "!=3.0.*,!=3.1.*,!=3.2.*,!=3.3.*,!=3.4.*,!=3.5.*,!=3.6.*,>=2.7"
groups = ["main", "dev"]
files = [
    {file = "colorama-0.4.6-py2.py3-none-any.whl", hash = "sha256:4f1d9991f5acc0ca119f9d443620b77f9d6b33703e51011c16baf57afb285fc6"},
    {file = "colorama-0.4.6.tar.gz", hash = "sha256:08695f5cb7ed6e0531a20572697297273c47b8cae5a63ffc6d6ed5c201be6e44"},
]
markers = {main = "platform_system == \"Windows\""}

[[package]]
name = "coverage"
version = "7.6.1"
description = "Code coverage measurement for Python"
optional = false
python-versions = ">=3.8"
groups = ["dev"]
files = [
    {file = "coverage-7.6.1-cp310-cp310-macosx_10_9_x86_64.whl", hash = "sha256:b06079abebbc0e89e6163b8e8f0e16270124c154dc6e4a47b413dd538859af16"},
    {file = "coverage-7.6.1-cp310-cp310-macosx_11_0_arm64.whl", hash = "sha256:cf4b19715bccd7ee27b6b120e7e9dd56037b9c0681dcc1adc9ba9db3d417fa36"},
    {file = "coverage-7.6.1-cp310-cp310-manylinux_2_17_aarch64.manylinux2014_aarch64.whl", hash = "sha256:e61c0abb4c85b095a784ef23fdd4aede7a2628478e7baba7c5e3deba61070a02"},
    {file = "coverage-7.6.1-cp310-cp310-manylinux_2_5_i686.manylinux1_i686.manylinux_2_17_i686.manylinux2014_i686.whl", hash = "sha256:fd21f6ae3f08b41004dfb433fa895d858f3f5979e7762d052b12aef444e29afc"},
    {file = "coverage-7.6.1-cp310-cp310-manylinux_2_5_x86_64.manylinux1_x86_64.manylinux_2_17_x86_64.manylinux2014_x86_64.whl", hash = "sha256:8f59d57baca39b32db42b83b2a7ba6f47ad9c394ec2076b084c3f029b7afca23"},
    {file = "coverage-7.6.1-cp310-cp310-musllinux_1_2_aarch64.whl", hash = "sha256:a1ac0ae2b8bd743b88ed0502544847c3053d7171a3cff9228af618a068ed9c34"},
    {file = "coverage-7.6.1-cp310-cp310-musllinux_1_2_i686.whl", hash = "sha256:e6a08c0be454c3b3beb105c0596ebdc2371fab6bb90c0c0297f4e58fd7e1012c"},
    {file = "coverage-7.6.1-cp310-cp310-musllinux_1_2_x86_64.whl", hash = "sha256:f5796e664fe802da4f57a168c85359a8fbf3eab5e55cd4e4569fbacecc903959"},
    {file = "coverage-7.6.1-cp310-cp310-win32.whl", hash = "sha256:7bb65125fcbef8d989fa1dd0e8a060999497629ca5b0efbca209588a73356232"},
    {file = "coverage-7.6.1-cp310-cp310-win_amd64.whl", hash = "sha256:3115a95daa9bdba70aea750db7b96b37259a81a709223c8448fa97727d546fe0"},
    {file = "coverage-7.6.1-cp311-cp311-macosx_10_9_x86_64.whl", hash = "sha256:7dea0889685db8550f839fa202744652e87c60015029ce3f60e006f8c4462c93"},
    {file = "coverage-7.6.1-cp311-cp311-macosx_11_0_arm64.whl", hash = "sha256:ed37bd3c3b063412f7620464a9ac1314d33100329f39799255fb8d3027da50d3"},
    {file = "coverage-7.6.1-cp311-cp311-manylinux_2_17_aarch64.manylinux2014_aarch64.whl", hash = "sha256:d85f5e9a5f8b73e2350097c3756ef7e785f55bd71205defa0bfdaf96c31616ff"},
    {file = "coverage-7.6.1-cp311-cp311-manylinux_2_5_i686.manylinux1_i686.manylinux_2_17_i686.manylinux2014_i686.whl", hash = "sha256:9bc572be474cafb617672c43fe989d6e48d3c83af02ce8de73fff1c6bb3c198d"},
    {file = "coverage-7.6.1-cp311-cp311-manylinux_2_5_x86_64.manylinux1_x86_64.manylinux_2_17_x86_64.manylinux2014_x86_64.whl", hash = "sha256:0c0420b573964c760df9e9e86d1a9a622d0d27f417e1a949a8a66dd7bcee7bc6"},
    {file = "coverage-7.6.1-cp311-cp311-musllinux_1_2_aarch64.whl", hash = "sha256:1f4aa8219db826ce6be7099d559f8ec311549bfc4046f7f9fe9b5cea5c581c56"},
    {file = "coverage-7.6.1-cp311-cp311-musllinux_1_2_i686.whl", hash = "sha256:fc5a77d0c516700ebad189b587de289a20a78324bc54baee03dd486f0855d234"},
    {file = "coverage-7.6.1-cp311-cp311-musllinux_1_2_x86_64.whl", hash = "sha256:b48f312cca9621272ae49008c7f613337c53fadca647d6384cc129d2996d1133"},
    {file = "coverage-7.6.1-cp311-cp311-win32.whl", hash = "sha256:1125ca0e5fd475cbbba3bb67ae20bd2c23a98fac4e32412883f9bcbaa81c314c"},
    {file = "coverage-7.6.1-cp311-cp311-win_amd64.whl", hash = "sha256:8ae539519c4c040c5ffd0632784e21b2f03fc1340752af711f33e5be83a9d6c6"},
    {file = "coverage-7.6.1-cp312-cp312-macosx_10_9_x86_64.whl", hash = "sha256:95cae0efeb032af8458fc27d191f85d1717b1d4e49f7cb226cf526ff28179778"},
    {file = "coverage-7.6.1-cp312-cp312-macosx_11_0_arm64.whl", hash = "sha256:5621a9175cf9d0b0c84c2ef2b12e9f5f5071357c4d2ea6ca1cf01814f45d2391"},
    {file = "coverage-7.6.1-cp312-cp312-manylinux_2_17_aarch64.manylinux2014_aarch64.whl", hash = "sha256:260933720fdcd75340e7dbe9060655aff3af1f0c5d20f46b57f262ab6c86a5e8"},
    {file = "coverage-7.6.1-cp312-cp312-manylinux_2_5_i686.manylinux1_i686.manylinux_2_17_i686.manylinux2014_i686.whl", hash = "sha256:07e2ca0ad381b91350c0ed49d52699b625aab2b44b65e1b4e02fa9df0e92ad2d"},
    {file = "coverage-7.6.1-cp312-cp312-manylinux_2_5_x86_64.manylinux1_x86_64.manylinux_2_17_x86_64.manylinux2014_x86_64.whl", hash = "sha256:c44fee9975f04b33331cb8eb272827111efc8930cfd582e0320613263ca849ca"},
    {file = "coverage-7.6.1-cp312-cp312-musllinux_1_2_aarch64.whl", hash = "sha256:877abb17e6339d96bf08e7a622d05095e72b71f8afd8a9fefc82cf30ed944163"},
    {file = "coverage-7.6.1-cp312-cp312-musllinux_1_2_i686.whl", hash = "sha256:3e0cadcf6733c09154b461f1ca72d5416635e5e4ec4e536192180d34ec160f8a"},
    {file = "coverage-7.6.1-cp312-cp312-musllinux_1_2_x86_64.whl", hash = "sha256:c3c02d12f837d9683e5ab2f3d9844dc57655b92c74e286c262e0fc54213c216d"},
    {file = "coverage-7.6.1-cp312-cp312-win32.whl", hash = "sha256:e05882b70b87a18d937ca6768ff33cc3f72847cbc4de4491c8e73880766718e5"},
    {file = "coverage-7.6.1-cp312-cp312-win_amd64.whl", hash = "sha256:b5d7b556859dd85f3a541db6a4e0167b86e7273e1cdc973e5b175166bb634fdb"},
    {file = "coverage-7.6.1-cp313-cp313-macosx_10_13_x86_64.whl", hash = "sha256:a4acd025ecc06185ba2b801f2de85546e0b8ac787cf9d3b06e7e2a69f925b106"},
    {file = "coverage-7.6.1-cp313-cp313-macosx_11_0_arm64.whl", hash = "sha256:a6d3adcf24b624a7b778533480e32434a39ad8fa30c315208f6d3e5542aeb6e9"},
    {file = "coverage-7.6.1-cp313-cp313-manylinux_2_17_aarch64.manylinux2014_aarch64.whl", hash = "sha256:d0c212c49b6c10e6951362f7c6df3329f04c2b1c28499563d4035d964ab8e08c"},
    {file = "coverage-7.6.1-cp313-cp313-manylinux_2_5_i686.manylinux1_i686.manylinux_2_17_i686.manylinux2014_i686.whl", hash = "sha256:6e81d7a3e58882450ec4186ca59a3f20a5d4440f25b1cff6f0902ad890e6748a"},
    {file = "coverage-7.6.1-cp313-cp313-manylinux_2_5_x86_64.manylinux1_x86_64.manylinux_2_17_x86_64.manylinux2014_x86_64.whl", hash = "sha256:78b260de9790fd81e69401c2dc8b17da47c8038176a79092a89cb2b7d945d060"},
    {file = "coverage-7.6.1-cp313-cp313-musllinux_1_2_aarch64.whl", hash = "sha256:a78d169acd38300060b28d600344a803628c3fd585c912cacc9ea8790fe96862"},
    {file = "coverage-7.6.1-cp313-cp313-musllinux_1_2_i686.whl", hash = "sha256:2c09f4ce52cb99dd7505cd0fc8e0e37c77b87f46bc9c1eb03fe3bc9991085388"},
    {file = "coverage-7.6.1-cp313-cp313-musllinux_1_2_x86_64.whl", hash = "sha256:6878ef48d4227aace338d88c48738a4258213cd7b74fd9a3d4d7582bb1d8a155"},
    {file = "coverage-7.6.1-cp313-cp313-win32.whl", hash = "sha256:44df346d5215a8c0e360307d46ffaabe0f5d3502c8a1cefd700b34baf31d411a"},
    {file = "coverage-7.6.1-cp313-cp313-win_amd64.whl", hash = "sha256:8284cf8c0dd272a247bc154eb6c95548722dce90d098c17a883ed36e67cdb129"},
    {file = "coverage-7.6.1-cp313-cp313t-macosx_10_13_x86_64.whl", hash = "sha256:d3296782ca4eab572a1a4eca686d8bfb00226300dcefdf43faa25b5242ab8a3e"},
    {file = "coverage-7.6.1-cp313-cp313t-macosx_11_0_arm64.whl", hash = "sha256:502753043567491d3ff6d08629270127e0c31d4184c4c8d98f92c26f65019962"},
    {file = "coverage-7.6.1-cp313-cp313t-manylinux_2_17_aarch64.manylinux2014_aarch64.whl", hash = "sha256:6a89ecca80709d4076b95f89f308544ec8f7b4727e8a547913a35f16717856cb"},
    {file = "coverage-7.6.1-cp313-cp313t-manylinux_2_5_i686.manylinux1_i686.manylinux_2_17_i686.manylinux2014_i686.whl", hash = "sha256:a318d68e92e80af8b00fa99609796fdbcdfef3629c77c6283566c6f02c6d6704"},
    {file = "coverage-7.6.1-cp313-cp313t-manylinux_2_5_x86_64.manylinux1_x86_64.manylinux_2_17_x86_64.manylinux2014_x86_64.whl", hash = "sha256:13b0a73a0896988f053e4fbb7de6d93388e6dd292b0d87ee51d106f2c11b465b"},
    {file = "coverage-7.6.1-cp313-cp313t-musllinux_1_2_aarch64.whl", hash = "sha256:4421712dbfc5562150f7554f13dde997a2e932a6b5f352edcce948a815efee6f"},
    {file = "coverage-7.6.1-cp313-cp313t-musllinux_1_2_i686.whl", hash = "sha256:166811d20dfea725e2e4baa71fffd6c968a958577848d2131f39b60043400223"},
    {file = "coverage-7.6.1-cp313-cp313t-musllinux_1_2_x86_64.whl", hash = "sha256:225667980479a17db1048cb2bf8bfb39b8e5be8f164b8f6628b64f78a72cf9d3"},
    {file = "coverage-7.6.1-cp313-cp313t-win32.whl", hash = "sha256:170d444ab405852903b7d04ea9ae9b98f98ab6d7e63e1115e82620807519797f"},
    {file = "coverage-7.6.1-cp313-cp313t-win_amd64.whl", hash = "sha256:b9f222de8cded79c49bf184bdbc06630d4c58eec9459b939b4a690c82ed05657"},
    {file = "coverage-7.6.1-cp38-cp38-macosx_10_9_x86_64.whl", hash = "sha256:6db04803b6c7291985a761004e9060b2bca08da6d04f26a7f2294b8623a0c1a0"},
    {file = "coverage-7.6.1-cp38-cp38-macosx_11_0_arm64.whl", hash = "sha256:f1adfc8ac319e1a348af294106bc6a8458a0f1633cc62a1446aebc30c5fa186a"},
    {file = "coverage-7.6.1-cp38-cp38-manylinux_2_17_aarch64.manylinux2014_aarch64.whl", hash = "sha256:a95324a9de9650a729239daea117df21f4b9868ce32e63f8b650ebe6cef5595b"},
    {file = "coverage-7.6.1-cp38-cp38-manylinux_2_5_i686.manylinux1_i686.manylinux_2_17_i686.manylinux2014_i686.whl", hash = "sha256:b43c03669dc4618ec25270b06ecd3ee4fa94c7f9b3c14bae6571ca00ef98b0d3"},
    {file = "coverage-7.6.1-cp38-cp38-manylinux_2_5_x86_64.manylinux1_x86_64.manylinux_2_17_x86_64.manylinux2014_x86_64.whl", hash = "sha256:8929543a7192c13d177b770008bc4e8119f2e1f881d563fc6b6305d2d0ebe9de"},
    {file = "coverage-7.6.1-cp38-cp38-musllinux_1_2_aarch64.whl", hash = "sha256:a09ece4a69cf399510c8ab25e0950d9cf2b42f7b3cb0374f95d2e2ff594478a6"},
    {file = "coverage-7.6.1-cp38-cp38-musllinux_1_2_i686.whl", hash = "sha256:9054a0754de38d9dbd01a46621636689124d666bad1936d76c0341f7d71bf569"},
    {file = "coverage-7.6.1-cp38-cp38-musllinux_1_2_x86_64.whl", hash = "sha256:0dbde0f4aa9a16fa4d754356a8f2e36296ff4d83994b2c9d8398aa32f222f989"},
    {file = "coverage-7.6.1-cp38-cp38-win32.whl", hash = "sha256:da511e6ad4f7323ee5702e6633085fb76c2f893aaf8ce4c51a0ba4fc07580ea7"},
    {file = "coverage-7.6.1-cp38-cp38-win_amd64.whl", hash = "sha256:3f1156e3e8f2872197af3840d8ad307a9dd18e615dc64d9ee41696f287c57ad8"},
    {file = "coverage-7.6.1-cp39-cp39-macosx_10_9_x86_64.whl", hash = "sha256:abd5fd0db5f4dc9289408aaf34908072f805ff7792632250dcb36dc591d24255"},
    {file = "coverage-7.6.1-cp39-cp39-macosx_11_0_arm64.whl", hash = "sha256:547f45fa1a93154bd82050a7f3cddbc1a7a4dd2a9bf5cb7d06f4ae29fe94eaf8"},
    {file = "coverage-7.6.1-cp39-cp39-manylinux_2_17_aarch64.manylinux2014_aarch64.whl", hash = "sha256:645786266c8f18a931b65bfcefdbf6952dd0dea98feee39bd188607a9d307ed2"},
    {file = "coverage-7.6.1-cp39-cp39-manylinux_2_5_i686.manylinux1_i686.manylinux_2_17_i686.manylinux2014_i686.whl", hash = "sha256:9e0b2df163b8ed01d515807af24f63de04bebcecbd6c3bfeff88385789fdf75a"},
    {file = "coverage-7.6.1-cp39-cp39-manylinux_2_5_x86_64.manylinux1_x86_64.manylinux_2_17_x86_64.manylinux2014_x86_64.whl", hash = "sha256:609b06f178fe8e9f89ef676532760ec0b4deea15e9969bf754b37f7c40326dbc"},
    {file = "coverage-7.6.1-cp39-cp39-musllinux_1_2_aarch64.whl", hash = "sha256:702855feff378050ae4f741045e19a32d57d19f3e0676d589df0575008ea5004"},
    {file = "coverage-7.6.1-cp39-cp39-musllinux_1_2_i686.whl", hash = "sha256:2bdb062ea438f22d99cba0d7829c2ef0af1d768d1e4a4f528087224c90b132cb"},
    {file = "coverage-7.6.1-cp39-cp39-musllinux_1_2_x86_64.whl", hash = "sha256:9c56863d44bd1c4fe2abb8a4d6f5371d197f1ac0ebdee542f07f35895fc07f36"},
    {file = "coverage-7.6.1-cp39-cp39-win32.whl", hash = "sha256:6e2cd258d7d927d09493c8df1ce9174ad01b381d4729a9d8d4e38670ca24774c"},
    {file = "coverage-7.6.1-cp39-cp39-win_amd64.whl", hash = "sha256:06a737c882bd26d0d6ee7269b20b12f14a8704807a01056c80bb881a4b2ce6ca"},
    {file = "coverage-7.6.1-pp38.pp39.pp310-none-any.whl", hash = "sha256:e9a6e0eb86070e8ccaedfbd9d38fec54864f3125ab95419970575b42af7541df"},
    {file = "coverage-7.6.1.tar.gz", hash = "sha256:953510dfb7b12ab69d20135a0662397f077c59b1e6379a768e97c59d852ee51d"},
]

[package.extras]
toml = ["tomli ; python_full_version <= \"3.11.0a6\""]

[[package]]
name = "cucumber-expressions"
version = "18.0.1"
description = "Cucumber Expressions - a simpler alternative to Regular Expressions"
optional = false
python-versions = "<4.0,>=3.8"
groups = ["dev"]
files = [
    {file = "cucumber_expressions-18.0.1-py3-none-any.whl", hash = "sha256:86230d503cdda7ef35a1f2072a882d7d57c740aa4c163c82b07f039b6bc60c42"},
    {file = "cucumber_expressions-18.0.1.tar.gz", hash = "sha256:86ce41bf28ee520408416f38022e5a083d815edf04a0bd1dae46d474ca597c60"},
]

[[package]]
name = "cucumber-tag-expressions"
version = "6.2.0"
description = "Provides a tag-expression parser and evaluation logic for cucumber/behave"
optional = false
python-versions = ">=2.7"
groups = ["dev"]
files = [
    {file = "cucumber_tag_expressions-6.2.0-py2.py3-none-any.whl", hash = "sha256:f94404b656831c56a3815da5305ac097003884d2ae64fa51f5f4fad82d97e583"},
    {file = "cucumber_tag_expressions-6.2.0.tar.gz", hash = "sha256:b60aa2cdbf9ac43e28d9b0e4fd49edf9f09d5d941257d2912f5228f9d166c023"},
]

[package.extras]
develop = ["backports.shutil_which ; python_version <= \"3.3\"", "build (>=0.5.1)", "coverage", "invoke (>=1.7.3)", "path (>=13.1.0) ; python_version >= \"3.5\"", "path.py (>=11.5.0) ; python_version < \"3.5\"", "pathlib ; python_version <= \"3.4\"", "pycmd", "pylint", "pytest (<5.0) ; python_version < \"3.0\"", "pytest (>=5.0) ; python_version >= \"3.0\"", "pytest-html (>=1.19.0)", "ruff", "setuptools", "setuptools-scm", "six (>=1.16.0)", "tox (>=4.26,<4.27)", "twine (>=1.13.0)", "wheel"]
testing = ["PyYAML (>=5.4.1)", "pathlib ; python_version <= \"3.4\"", "pytest (<5.0) ; python_version < \"3.0\"", "pytest (>=5.0) ; python_version >= \"3.0\"", "pytest-html (>=1.19.0)"]

[[package]]
name = "debugpy"
version = "1.8.17"
description = "An implementation of the Debug Adapter Protocol for Python"
optional = false
python-versions = ">=3.8"
groups = ["dev"]
files = [
    {file = "debugpy-1.8.17-cp310-cp310-macosx_15_0_x86_64.whl", hash = "sha256:c41d2ce8bbaddcc0009cc73f65318eedfa3dbc88a8298081deb05389f1ab5542"},
    {file = "debugpy-1.8.17-cp310-cp310-manylinux_2_34_x86_64.whl", hash = "sha256:1440fd514e1b815edd5861ca394786f90eb24960eb26d6f7200994333b1d79e3"},
    {file = "debugpy-1.8.17-cp310-cp310-win32.whl", hash = "sha256:3a32c0af575749083d7492dc79f6ab69f21b2d2ad4cd977a958a07d5865316e4"},
    {file = "debugpy-1.8.17-cp310-cp310-win_amd64.whl", hash = "sha256:a3aad0537cf4d9c1996434be68c6c9a6d233ac6f76c2a482c7803295b4e4f99a"},
    {file = "debugpy-1.8.17-cp311-cp311-macosx_15_0_universal2.whl", hash = "sha256:d3fce3f0e3de262a3b67e69916d001f3e767661c6e1ee42553009d445d1cd840"},
    {file = "debugpy-1.8.17-cp311-cp311-manylinux_2_34_x86_64.whl", hash = "sha256:c6bdf134457ae0cac6fb68205776be635d31174eeac9541e1d0c062165c6461f"},
    {file = "debugpy-1.8.17-cp311-cp311-win32.whl", hash = "sha256:e79a195f9e059edfe5d8bf6f3749b2599452d3e9380484cd261f6b7cd2c7c4da"},
    {file = "debugpy-1.8.17-cp311-cp311-win_amd64.whl", hash = "sha256:b532282ad4eca958b1b2d7dbcb2b7218e02cb934165859b918e3b6ba7772d3f4"},
    {file = "debugpy-1.8.17-cp312-cp312-macosx_15_0_universal2.whl", hash = "sha256:f14467edef672195c6f6b8e27ce5005313cb5d03c9239059bc7182b60c176e2d"},
    {file = "debugpy-1.8.17-cp312-cp312-manylinux_2_34_x86_64.whl", hash = "sha256:24693179ef9dfa20dca8605905a42b392be56d410c333af82f1c5dff807a64cc"},
    {file = "debugpy-1.8.17-cp312-cp312-win32.whl", hash = "sha256:6a4e9dacf2cbb60d2514ff7b04b4534b0139facbf2abdffe0639ddb6088e59cf"},
    {file = "debugpy-1.8.17-cp312-cp312-win_amd64.whl", hash = "sha256:e8f8f61c518952fb15f74a302e068b48d9c4691768ade433e4adeea961993464"},
    {file = "debugpy-1.8.17-cp313-cp313-macosx_15_0_universal2.whl", hash = "sha256:857c1dd5d70042502aef1c6d1c2801211f3ea7e56f75e9c335f434afb403e464"},
    {file = "debugpy-1.8.17-cp313-cp313-manylinux_2_34_x86_64.whl", hash = "sha256:3bea3b0b12f3946e098cce9b43c3c46e317b567f79570c3f43f0b96d00788088"},
    {file = "debugpy-1.8.17-cp313-cp313-win32.whl", hash = "sha256:e34ee844c2f17b18556b5bbe59e1e2ff4e86a00282d2a46edab73fd7f18f4a83"},
    {file = "debugpy-1.8.17-cp313-cp313-win_amd64.whl", hash = "sha256:6c5cd6f009ad4fca8e33e5238210dc1e5f42db07d4b6ab21ac7ffa904a196420"},
    {file = "debugpy-1.8.17-cp314-cp314-macosx_15_0_universal2.whl", hash = "sha256:045290c010bcd2d82bc97aa2daf6837443cd52f6328592698809b4549babcee1"},
    {file = "debugpy-1.8.17-cp314-cp314-manylinux_2_34_x86_64.whl", hash = "sha256:b69b6bd9dba6a03632534cdf67c760625760a215ae289f7489a452af1031fe1f"},
    {file = "debugpy-1.8.17-cp314-cp314-win32.whl", hash = "sha256:5c59b74aa5630f3a5194467100c3b3d1c77898f9ab27e3f7dc5d40fc2f122670"},
    {file = "debugpy-1.8.17-cp314-cp314-win_amd64.whl", hash = "sha256:893cba7bb0f55161de4365584b025f7064e1f88913551bcd23be3260b231429c"},
    {file = "debugpy-1.8.17-cp38-cp38-macosx_15_0_x86_64.whl", hash = "sha256:8deb4e31cd575c9f9370042876e078ca118117c1b5e1f22c32befcfbb6955f0c"},
    {file = "debugpy-1.8.17-cp38-cp38-manylinux_2_34_x86_64.whl", hash = "sha256:b75868b675949a96ab51abc114c7163f40ff0d8f7d6d5fd63f8932fd38e9c6d7"},
    {file = "debugpy-1.8.17-cp38-cp38-win32.whl", hash = "sha256:17e456da14848d618662354e1dccfd5e5fb75deec3d1d48dc0aa0baacda55860"},
    {file = "debugpy-1.8.17-cp38-cp38-win_amd64.whl", hash = "sha256:e851beb536a427b5df8aa7d0c7835b29a13812f41e46292ff80b2ef77327355a"},
    {file = "debugpy-1.8.17-cp39-cp39-macosx_15_0_x86_64.whl", hash = "sha256:f2ac8055a0c4a09b30b931100996ba49ef334c6947e7ae365cdd870416d7513e"},
    {file = "debugpy-1.8.17-cp39-cp39-manylinux_2_34_x86_64.whl", hash = "sha256:eaa85bce251feca8e4c87ce3b954aba84b8c645b90f0e6a515c00394a9f5c0e7"},
    {file = "debugpy-1.8.17-cp39-cp39-win32.whl", hash = "sha256:b13eea5587e44f27f6c48588b5ad56dcb74a4f3a5f89250443c94587f3eb2ea1"},
    {file = "debugpy-1.8.17-cp39-cp39-win_amd64.whl", hash = "sha256:bb1bbf92317e1f35afcf3ef0450219efb3afe00be79d8664b250ac0933b9015f"},
    {file = "debugpy-1.8.17-py2.py3-none-any.whl", hash = "sha256:60c7dca6571efe660ccb7a9508d73ca14b8796c4ed484c2002abba714226cfef"},
    {file = "debugpy-1.8.17.tar.gz", hash = "sha256:fd723b47a8c08892b1a16b2c6239a8b96637c62a59b94bb5dab4bac592a58a8e"},
]

[[package]]
name = "dnspython"
version = "2.3.0"
description = "DNS toolkit"
optional = false
python-versions = ">=3.7,<4.0"
groups = ["main"]
files = [
    {file = "dnspython-2.3.0-py3-none-any.whl", hash = "sha256:89141536394f909066cabd112e3e1a37e4e654db00a25308b0f130bc3152eb46"},
    {file = "dnspython-2.3.0.tar.gz", hash = "sha256:224e32b03eb46be70e12ef6d64e0be123a64e621ab4c0822ff6d450d52a540b9"},
]

[package.extras]
curio = ["curio (>=1.2,<2.0)", "sniffio (>=1.1,<2.0)"]
dnssec = ["cryptography (>=2.6,<40.0)"]
doh = ["h2 (>=4.1.0) ; python_full_version >= \"3.6.2\"", "httpx (>=0.21.1) ; python_full_version >= \"3.6.2\"", "requests (>=2.23.0,<3.0.0)", "requests-toolbelt (>=0.9.1,<0.11.0)"]
doq = ["aioquic (>=0.9.20)"]
idna = ["idna (>=2.1,<4.0)"]
trio = ["trio (>=0.14,<0.23)"]
wmi = ["wmi (>=1.5.1,<2.0.0)"]

[[package]]
name = "exceptiongroup"
version = "1.3.0"
description = "Backport of PEP 654 (exception groups)"
optional = false
python-versions = ">=3.7"
groups = ["dev"]
markers = "python_version < \"3.11\""
files = [
    {file = "exceptiongroup-1.3.0-py3-none-any.whl", hash = "sha256:4d111e6e0c13d0644cad6ddaa7ed0261a0b36971f6d23e7ec9b4b9097da78a10"},
    {file = "exceptiongroup-1.3.0.tar.gz", hash = "sha256:b241f5885f560bc56a59ee63ca4c6a8bfa46ae4ad651af316d4e81817bb9fd88"},
]

[package.dependencies]
typing-extensions = {version = ">=4.6.0", markers = "python_version < \"3.13\""}

[package.extras]
test = ["pytest (>=6)"]

[[package]]
name = "iniconfig"
version = "2.0.0"
description = "brain-dead simple config-ini parsing"
optional = false
python-versions = ">=3.7"
groups = ["dev"]
files = [
    {file = "iniconfig-2.0.0-py3-none-any.whl", hash = "sha256:b6a85871a79d2e3b22d2d1b94ac2824226a63c6b741c88f7ae975f18b6778374"},
    {file = "iniconfig-2.0.0.tar.gz", hash = "sha256:2d91e135bf72d31a410b17c16da610a82cb55f6b0477d1a902134b24a455b8b3"},
]

[[package]]
name = "motor"
version = "3.3.2"
description = "Non-blocking MongoDB driver for Tornado or asyncio"
optional = false
python-versions = ">=3.7"
groups = ["main"]
files = [
    {file = "motor-3.3.2-py3-none-any.whl", hash = "sha256:6fe7e6f0c4f430b9e030b9d22549b732f7c2226af3ab71ecc309e4a1b7d19953"},
    {file = "motor-3.3.2.tar.gz", hash = "sha256:d2fc38de15f1c8058f389c1a44a4d4105c0405c48c061cd492a654496f7bc26a"},
]

[package.dependencies]
pymongo = ">=4.5,<5"

[package.extras]
aws = ["pymongo[aws] (>=4.5,<5)"]
encryption = ["pymongo[encryption] (>=4.5,<5)"]
gssapi = ["pymongo[gssapi] (>=4.5,<5)"]
ocsp = ["pymongo[ocsp] (>=4.5,<5)"]
snappy = ["pymongo[snappy] (>=4.5,<5)"]
srv = ["pymongo[srv] (>=4.5,<5)"]
test = ["aiohttp (<3.8.6)", "mockupdb", "motor[encryption]", "pytest (>=7)", "tornado (>=5)"]
zstd = ["pymongo[zstd] (>=4.5,<5)"]

[[package]]
name = "packaging"
version = "24.0"
description = "Core utilities for Python packages"
optional = false
python-versions = ">=3.7"
groups = ["dev"]
files = [
    {file = "packaging-24.0-py3-none-any.whl", hash = "sha256:2ddfb553fdf02fb784c234c7ba6ccc288296ceabec964ad2eae3777778130bc5"},
    {file = "packaging-24.0.tar.gz", hash = "sha256:eb82c5e3e56209074766e6885bb04b8c38a0c015d0a30036ebe7ece34c9989e9"},
]

[[package]]
name = "parse"
version = "1.20.2"
description = "parse() is the opposite of format()"
optional = false
python-versions = "*"
groups = ["dev"]
files = [
    {file = "parse-1.20.2-py2.py3-none-any.whl", hash = "sha256:967095588cb802add9177d0c0b6133b5ba33b1ea9007ca800e526f42a85af558"},
    {file = "parse-1.20.2.tar.gz", hash = "sha256:b41d604d16503c79d81af5165155c0b20f6c8d6c559efa66b4b695c3e5a0a0ce"},
]

[[package]]
name = "parse-type"
version = "0.6.6"
description = "Simplifies to build parse types based on the parse module"
optional = false
python-versions = "!=3.0.*,!=3.1.*,>=2.7"
groups = ["dev"]
files = [
    {file = "parse_type-0.6.6-py2.py3-none-any.whl", hash = "sha256:3ca79bbe71e170dfccc8ec6c341edfd1c2a0fc1e5cfd18330f93af938de2348c"},
    {file = "parse_type-0.6.6.tar.gz", hash = "sha256:513a3784104839770d690e04339a8b4d33439fcd5dd99f2e4580f9fc1097bfb2"},
]

[package.dependencies]
parse = {version = ">=1.18.0", markers = "python_version >= \"3.0\""}
six = ">=1.15"

[package.extras]
develop = ["build (>=0.5.1)", "coverage (>=4.4)", "pylint", "pytest (<5.0) ; python_version < \"3.0\"", "pytest (>=5.0) ; python_version >= \"3.0\"", "pytest-cov", "pytest-html (>=1.19.0)", "ruff ; python_version >= \"3.7\"", "setuptools", "setuptools-scm", "tox (>=2.8,<4.0)", "twine (>=1.13.0)", "virtualenv (<20.22.0) ; python_version <= \"3.6\"", "virtualenv (>=20.0.0) ; python_version > \"3.6\"", "wheel"]
docs = ["Sphinx (>=1.6)", "sphinx_bootstrap_theme (>=0.6.0)"]
testing = ["pytest (<5.0) ; python_version < \"3.0\"", "pytest (>=5.0) ; python_version >= \"3.0\"", "pytest-html (>=1.19.0)"]

[[package]]
name = "pluggy"
version = "1.2.0"
description = "plugin and hook calling mechanisms for python"
optional = false
python-versions = ">=3.7"
groups = ["dev"]
files = [
    {file = "pluggy-1.2.0-py3-none-any.whl", hash = "sha256:c2fd55a7d7a3863cba1a013e4e2414658b1d07b6bc57b3919e0c63c9abb99849"},
    {file = "pluggy-1.2.0.tar.gz", hash = "sha256:d12f0c4b579b15f5e054301bb226ee85eeeba08ffec228092f8defbaa3a4c4b3"},
]

[package.extras]
dev = ["pre-commit", "tox"]
testing = ["pytest", "pytest-benchmark"]

[[package]]
name = "pymongo"
version = "4.6.3"
description = "Python driver for MongoDB <http://www.mongodb.org>"
optional = false
python-versions = ">=3.7"
groups = ["main"]
files = [
    {file = "pymongo-4.6.3-cp310-cp310-macosx_10_9_universal2.whl", hash = "sha256:e344d0afdd7c06c1f1e66a4736593293f432defc2191e6b411fc9c82fa8c5adc"},
    {file = "pymongo-4.6.3-cp310-cp310-manylinux1_i686.whl", hash = "sha256:731a92dfc4022db763bfa835c6bd160f2d2cba6ada75749c2ed500e13983414b"},
    {file = "pymongo-4.6.3-cp310-cp310-manylinux2014_aarch64.whl", hash = "sha256:c4726e36a2f7e92f09f5b8e92ba4db7525daffe31a0dcbcf0533edc0ade8c7d8"},
    {file = "pymongo-4.6.3-cp310-cp310-manylinux2014_i686.whl", hash = "sha256:00e6cfce111883ca63a3c12878286e0b89871f4b840290e61fb6f88ee0e687be"},
    {file = "pymongo-4.6.3-cp310-cp310-manylinux2014_ppc64le.whl", hash = "sha256:cc7a26edf79015c58eea46feb5b262cece55bc1d4929a8a9e0cbe7e6d6a9b0eb"},
    {file = "pymongo-4.6.3-cp310-cp310-manylinux2014_s390x.whl", hash = "sha256:4955be64d943b30f2a7ff98d818ca530f7cb37450bc6b32c37e0e74821907ef8"},
    {file = "pymongo-4.6.3-cp310-cp310-manylinux2014_x86_64.whl", hash = "sha256:af039afc6d787502c02089759778b550cb2f25dbe2780f5b050a2e37031c3fbf"},
    {file = "pymongo-4.6.3-cp310-cp310-manylinux_2_17_aarch64.manylinux2014_aarch64.whl", hash = "sha256:ccc15a7c7a99aed7d0831eaf78a607f1db0c7a255f96e3d18984231acd72f70c"},
    {file = "pymongo-4.6.3-cp310-cp310-manylinux_2_17_ppc64le.manylinux2014_ppc64le.whl", hash = "sha256:8e97c138d811e9367723fcd07c4402a9211caae20479fdd6301d57762778a69f"},
    {file = "pymongo-4.6.3-cp310-cp310-manylinux_2_17_s390x.manylinux2014_s390x.whl", hash = "sha256:ebcc145c74d06296ce0cad35992185064e5cb2aadef719586778c144f0cd4d37"},
    {file = "pymongo-4.6.3-cp310-cp310-manylinux_2_17_x86_64.manylinux2014_x86_64.whl", hash = "sha256:664c64b6bdb31aceb80f0556951e5e2bf50d359270732268b4e7af00a1cf5d6c"},
    {file = "pymongo-4.6.3-cp310-cp310-manylinux_2_5_i686.manylinux1_i686.manylinux_2_17_i686.manylinux2014_i686.whl", hash = "sha256:e4056bc421d4df2c61db4e584415f2b0f1eebb92cbf9222f7f38303467c37117"},
    {file = "pymongo-4.6.3-cp310-cp310-win32.whl", hash = "sha256:cdbea2aac1a4caa66ee912af3601557d2bda2f9f69feec83601c78c7e53ece64"},
    {file = "pymongo-4.6.3-cp310-cp310-win_amd64.whl", hash = "sha256:6cec7279e5a1b74b257d0270a8c97943d745811066630a6bc6beb413c68c6a33"},
    {file = "pymongo-4.6.3-cp311-cp311-macosx_10_9_universal2.whl", hash = "sha256:138b9fa18d40401c217bc038a48bcde4160b02d36d8632015b1804971a2eaa2f"},
    {file = "pymongo-4.6.3-cp311-cp311-manylinux_2_17_aarch64.manylinux2014_aarch64.whl", hash = "sha256:60931b0e07448afe8866ffff764cd5bf4b1a855dc84c7dcb3974c6aa6a377a59"},
    {file = "pymongo-4.6.3-cp311-cp311-manylinux_2_17_ppc64le.manylinux2014_ppc64le.whl", hash = "sha256:9b35f8bded43ff91475305445fedf0613f880ff7e25c75ae1028e1260a9b7a86"},
    {file = "pymongo-4.6.3-cp311-cp311-manylinux_2_17_s390x.manylinux2014_s390x.whl", hash = "sha256:872bad5c83f7eec9da11e1fef5f858c6a4c79fe4a83c7780e7b0fe95d560ae3f"},
    {file = "pymongo-4.6.3-cp311-cp311-manylinux_2_17_x86_64.manylinux2014_x86_64.whl", hash = "sha256:c2ad3e5bfcd345c0bfe9af69a82d720860b5b043c1657ffb513c18a0dee19c19"},
    {file = "pymongo-4.6.3-cp311-cp311-manylinux_2_5_i686.manylinux1_i686.manylinux_2_17_i686.manylinux2014_i686.whl", hash = "sha256:0e208f2ab7b495eff8fd175022abfb0abce6307ac5aee3f4de51fc1a459b71c9"},
    {file = "pymongo-4.6.3-cp311-cp311-win32.whl", hash = "sha256:4670edbb5ddd71a4d555668ef99b032a5f81b59e4145d66123aa0d831eac7883"},
    {file = "pymongo-4.6.3-cp311-cp311-win_amd64.whl", hash = "sha256:1c2761302b6cbfd12e239ce1b8061d4cf424a361d199dcb32da534985cae9350"},
    {file = "pymongo-4.6.3-cp312-cp312-macosx_10_9_universal2.whl", hash = "sha256:722f2b709b63311c0efda4fa4c603661faa4bec6bad24a6cc41a3bc6d841bf09"},
    {file = "pymongo-4.6.3-cp312-cp312-manylinux_2_17_aarch64.manylinux2014_aarch64.whl", hash = "sha256:994386a4d6ad39e18bcede6dc8d1d693ec3ed897b88f86b1841fbc37227406da"},
    {file = "pymongo-4.6.3-cp312-cp312-manylinux_2_17_ppc64le.manylinux2014_ppc64le.whl", hash = "sha256:391aea047bba928006114282f175bc8d09c53fe1b7d8920bf888325e229302fe"},
    {file = "pymongo-4.6.3-cp312-cp312-manylinux_2_17_s390x.manylinux2014_s390x.whl", hash = "sha256:f4330c022024e7994b630199cdae909123e4b0e9cf15335de71b146c0f6a2435"},
    {file = "pymongo-4.6.3-cp312-cp312-manylinux_2_17_x86_64.manylinux2014_x86_64.whl", hash = "sha256:01277a7e183c59081368e4efbde2b8f577014431b257959ca98d3a4e8682dd51"},
    {file = "pymongo-4.6.3-cp312-cp312-manylinux_2_5_i686.manylinux1_i686.manylinux_2_17_i686.manylinux2014_i686.whl", hash = "sha256:d30d5d7963453b478016bf7b0d87d7089ca24d93dbdecfbc9aa32f1b4772160a"},
    {file = "pymongo-4.6.3-cp312-cp312-win32.whl", hash = "sha256:a023804a3ac0f85d4510265b60978522368b5815772262e61e3a2222a8b315c9"},
    {file = "pymongo-4.6.3-cp312-cp312-win_amd64.whl", hash = "sha256:2a6ae9a600bbc2dbff719c98bf5da584fb8a4f2bb23729a09be2e9c3dbc61c8a"},
    {file = "pymongo-4.6.3-cp37-cp37m-macosx_10_6_intel.whl", hash = "sha256:3b909e5b1864de01510079b39bbdc480720c37747be5552b354bc73f02c24a3c"},
    {file = "pymongo-4.6.3-cp37-cp37m-manylinux1_i686.whl", hash = "sha256:48c60bd32ec141c0d45d8471179430003d9fb4490da181b8165fb1dce9cc255c"},
    {file = "pymongo-4.6.3-cp37-cp37m-manylinux1_x86_64.whl", hash = "sha256:36d7049fc183fe4edda3eae7f66ea14c660921429e082fe90b4b7f4dc6664a70"},
    {file = "pymongo-4.6.3-cp37-cp37m-manylinux2014_aarch64.whl", hash = "sha256:18e5c161b18660f1c9d1f78236de45520a436be65e42b7bb51f25f74ad22bdde"},
    {file = "pymongo-4.6.3-cp37-cp37m-manylinux2014_i686.whl", hash = "sha256:e458e6fc2b7dd40d15cda04898bd2d8c9ff7ae086c516bc261628d54eb4e3158"},
    {file = "pymongo-4.6.3-cp37-cp37m-manylinux2014_ppc64le.whl", hash = "sha256:e420e74c6db4594a6d09f39b58c0772679006cb0b4fc40901ba608794d87dad2"},
    {file = "pymongo-4.6.3-cp37-cp37m-manylinux2014_s390x.whl", hash = "sha256:9c9340c7161e112e36ebb97fbba1cdbe7db3dfacb694d2918b1f155a01f3d859"},
    {file = "pymongo-4.6.3-cp37-cp37m-manylinux2014_x86_64.whl", hash = "sha256:26d036e0f5de09d0b21d0fc30314fcf2ae6359e4d43ae109aa6cf27b4ce02d30"},
    {file = "pymongo-4.6.3-cp37-cp37m-manylinux_2_17_aarch64.manylinux2014_aarch64.whl", hash = "sha256:b7cf28d9c90e40d4e385b858e4095739829f466f23e08674085161d86bb4bb10"},
    {file = "pymongo-4.6.3-cp37-cp37m-manylinux_2_17_ppc64le.manylinux2014_ppc64le.whl", hash = "sha256:9066dff9dc0a182478ca5885d0b8a2b820b462e19459ada109df7a3ced31b272"},
    {file = "pymongo-4.6.3-cp37-cp37m-manylinux_2_17_s390x.manylinux2014_s390x.whl", hash = "sha256:e1e1586ebdebe0447a24842480defac17c496430a218486c96e2da3f164c0f05"},
    {file = "pymongo-4.6.3-cp37-cp37m-manylinux_2_17_x86_64.manylinux2014_x86_64.whl", hash = "sha256:8b3853fb66bf34ce1b6e573e1bbb3cb28763be9d1f57758535757faf1ab2f24a"},
    {file = "pymongo-4.6.3-cp37-cp37m-manylinux_2_5_i686.manylinux1_i686.manylinux_2_17_i686.manylinux2014_i686.whl", hash = "sha256:462684a6f5ce6f2661c30eab4d1d459231e0eed280f338e716e31a24fc09ccb3"},
    {file = "pymongo-4.6.3-cp37-cp37m-manylinux_2_5_i686.manylinux1_i686.whl", hash = "sha256:0a4ea44e5a913bdb7c9abd34c69e9fcfac10dfaf49765463e0dc1ea922dd2a9d"},
    {file = "pymongo-4.6.3-cp37-cp37m-manylinux_2_5_x86_64.manylinux1_x86_64.whl", hash = "sha256:098d420a8214ad25f872de7e8b309441995d12ece0376218a04d9ed5d2222cf3"},
    {file = "pymongo-4.6.3-cp37-cp37m-win32.whl", hash = "sha256:7330245253fbe2e09845069d2f4d35dd27f63e377034c94cb0ddac18bc8b0d82"},
    {file = "pymongo-4.6.3-cp37-cp37m-win_amd64.whl", hash = "sha256:151361c101600a85cb1c1e0db4e4b28318b521fcafa9b62d389f7342faaaee80"},
    {file = "pymongo-4.6.3-cp38-cp38-macosx_11_0_universal2.whl", hash = "sha256:4d167d546352869125dc86f6fda6dffc627d8a9c8963eaee665825f2520d542b"},
    {file = "pymongo-4.6.3-cp38-cp38-manylinux1_i686.whl", hash = "sha256:eaf3d594ebfd5e1f3503d81e06a5d78e33cda27418b36c2491c3d4ad4fca5972"},
    {file = "pymongo-4.6.3-cp38-cp38-manylinux1_x86_64.whl", hash = "sha256:7ee79e02a7c5ed34706ecb5dad19e6c7d267cf86d28c075ef3127c58f3081279"},
    {file = "pymongo-4.6.3-cp38-cp38-manylinux2014_aarch64.whl", hash = "sha256:af5c5112db04cf62a5d9d224a24f289aaecb47d152c08a457cca81cee061d5bd"},
    {file = "pymongo-4.6.3-cp38-cp38-manylinux2014_i686.whl", hash = "sha256:6b5aec78aa4840e8d6c3881900259892ab5733a366696ca10d99d68c3d73eaaf"},
    {file = "pymongo-4.6.3-cp38-cp38-manylinux2014_ppc64le.whl", hash = "sha256:9757602fb45c8ecc1883fe6db7c59c19d87eb3c645ec9342d28a6026837da931"},
    {file = "pymongo-4.6.3-cp38-cp38-manylinux2014_s390x.whl", hash = "sha256:dde9fb6e105ce054339256a8b7a9775212ebb29596ef4e402d7bbc63b354d202"},
    {file = "pymongo-4.6.3-cp38-cp38-manylinux2014_x86_64.whl", hash = "sha256:7df8b166d3db6cfead4cf55b481408d8f0935d8bd8d6dbf64507c49ef82c7200"},
    {file = "pymongo-4.6.3-cp38-cp38-manylinux_2_17_aarch64.manylinux2014_aarch64.whl", hash = "sha256:53451190b8628e1ce7d1fe105dc376c3f10705127bd3b51fe3e107b9ff1851e6"},
    {file = "pymongo-4.6.3-cp38-cp38-manylinux_2_17_ppc64le.manylinux2014_ppc64le.whl", hash = "sha256:75107a386d4ccf5291e75cce8ca3898430e7907f4cc1208a17c9efad33a1ea84"},
    {file = "pymongo-4.6.3-cp38-cp38-manylinux_2_17_s390x.manylinux2014_s390x.whl", hash = "sha256:4a0660ce32d8459b7f12dc3ca0141528fead62d3cce31b548f96f30902074cc0"},
    {file = "pymongo-4.6.3-cp38-cp38-manylinux_2_17_x86_64.manylinux2014_x86_64.whl", hash = "sha256:aa310096450e9c461b7dfd66cbc1c41771fe36c06200440bb3e062b1d4a06b6e"},
    {file = "pymongo-4.6.3-cp38-cp38-manylinux_2_5_i686.manylinux1_i686.manylinux_2_17_i686.manylinux2014_i686.whl", hash = "sha256:5f465cca9b178e7bb782f952dd58e9e92f8ba056e585959465f2bb50feddef5f"},
    {file = "pymongo-4.6.3-cp38-cp38-manylinux_2_5_i686.manylinux1_i686.whl", hash = "sha256:c67c19f653053ef2ebd7f1837c2978400058d6d7f66ec5760373a21eaf660158"},
    {file = "pymongo-4.6.3-cp38-cp38-manylinux_2_5_x86_64.manylinux1_x86_64.whl", hash = "sha256:c701de8e483fb5e53874aab642235361aac6de698146b02c644389eaa8c137b6"},
    {file = "pymongo-4.6.3-cp38-cp38-win32.whl", hash = "sha256:90525454546536544307e6da9c81f331a71a1b144e2d038fec587cc9f9250285"},
    {file = "pymongo-4.6.3-cp38-cp38-win_amd64.whl", hash = "sha256:3e1ba5a037c526a3f4060c28f8d45d71ed9626e2bf954b0cd9a8dcc3b45172ee"},
    {file = "pymongo-4.6.3-cp39-cp39-macosx_10_9_universal2.whl", hash = "sha256:14a82593528cddc93cfea5ee78fac95ae763a3a4e124ca79ee0b24fbbc6da1c9"},
    {file = "pymongo-4.6.3-cp39-cp39-manylinux1_i686.whl", hash = "sha256:cd6c15242d9306ff1748681c3235284cbe9f807aeaa86cd17d85e72af626e9a7"},
    {file = "pymongo-4.6.3-cp39-cp39-manylinux1_x86_64.whl", hash = "sha256:6de33f1b2eed91b802ec7abeb92ffb981d052f3604b45588309aae9e0f6e3c02"},
    {file = "pymongo-4.6.3-cp39-cp39-manylinux2014_aarch64.whl", hash = "sha256:0182899aafe830f25cf96c5976d724efeaaf7b6646c15424ad8dd25422b2efe1"},
    {file = "pymongo-4.6.3-cp39-cp39-manylinux2014_i686.whl", hash = "sha256:8d0ea740a2faa56f930dc82c5976d96c017ece26b29a1cddafb58721c7aab960"},
    {file = "pymongo-4.6.3-cp39-cp39-manylinux2014_ppc64le.whl", hash = "sha256:5c8a4982f5eb767c6fbfb8fb378683d09bcab7c3251ba64357eef600d43f6c23"},
    {file = "pymongo-4.6.3-cp39-cp39-manylinux2014_s390x.whl", hash = "sha256:becfa816545a48c8e740ac2fd624c1c121e1362072d68ffcf37a6b1be8ea187e"},
    {file = "pymongo-4.6.3-cp39-cp39-manylinux2014_x86_64.whl", hash = "sha256:ff7d1f449fcad23d9bc8e8dc2b9972be38bcd76d99ea5f7d29b2efa929c2a7ff"},
    {file = "pymongo-4.6.3-cp39-cp39-manylinux_2_17_aarch64.manylinux2014_aarch64.whl", hash = "sha256:e097f877de4d6af13a33ef938bf2a2350f424be5deabf8b857da95f5b080487a"},
    {file = "pymongo-4.6.3-cp39-cp39-manylinux_2_17_ppc64le.manylinux2014_ppc64le.whl", hash = "sha256:705a9bfd619301ee7e985d6f91f68b15dfcb2f6f36b8cc225cc82d4260d2bce5"},
    {file = "pymongo-4.6.3-cp39-cp39-manylinux_2_17_s390x.manylinux2014_s390x.whl", hash = "sha256:2ef1b4992ee1cb8bb16745e70afa0c02c5360220a7a8bb4775888721f052d0a6"},
    {file = "pymongo-4.6.3-cp39-cp39-manylinux_2_17_x86_64.manylinux2014_x86_64.whl", hash = "sha256:b3d10bdd46cbc35a2109737d36ffbef32e7420569a87904738ad444ccb7ac2c5"},
    {file = "pymongo-4.6.3-cp39-cp39-manylinux_2_5_i686.manylinux1_i686.manylinux_2_17_i686.manylinux2014_i686.whl", hash = "sha256:17c1c143ba77d6e21fc8b48e93f0a5ed982a23447434e9ee4fbb6d633402506b"},
    {file = "pymongo-4.6.3-cp39-cp39-manylinux_2_5_i686.manylinux1_i686.whl", hash = "sha256:9e51e30d67b468a2a634ade928b30cb3e420127f148a9aec60de33f39087bdc4"},
    {file = "pymongo-4.6.3-cp39-cp39-manylinux_2_5_x86_64.manylinux1_x86_64.whl", hash = "sha256:bec8e4e88984be157408f1923d25869e1b575c07711cdbdde596f66931800934"},
    {file = "pymongo-4.6.3-cp39-cp39-win32.whl", hash = "sha256:98877a9c4ad42df8253a12d8d17a3265781d1feb5c91c767bd153f88feb0b670"},
    {file = "pymongo-4.6.3-cp39-cp39-win_amd64.whl", hash = "sha256:6d5b35da9e16cda630baed790ffc3d0d01029d269523a7cec34d2ec7e6823e75"},
    {file = "pymongo-4.6.3.tar.gz", hash = "sha256:400074090b9a631f120b42c61b222fd743490c133a5d2f99c0208cefcccc964e"},
]

[package.dependencies]
dnspython = ">=1.16.0,<3.0.0"

[package.extras]
aws = ["pymongo-auth-aws (<2.0.0)"]
encryption = ["certifi ; os_name == \"nt\" or sys_platform == \"darwin\"", "pymongo[aws]", "pymongocrypt (>=1.6.0,<2.0.0)"]
gssapi = ["pykerberos ; os_name != \"nt\"", "winkerberos (>=0.5.0) ; os_name == \"nt\""]
ocsp = ["certifi ; os_name == \"nt\" or sys_platform == \"darwin\"", "cryptography (>=2.5)", "pyopenssl (>=17.2.0)", "requests (<3.0.0)", "service-identity (>=18.1.0)"]
snappy = ["python-snappy"]
test = ["pytest (>=7)"]
zstd = ["zstandard"]

[[package]]
name = "pytest"
version = "7.4.4"
description = "pytest: simple powerful testing with Python"
optional = false
python-versions = ">=3.7"
groups = ["dev"]
files = [
    {file = "pytest-7.4.4-py3-none-any.whl", hash = "sha256:b090cdf5ed60bf4c45261be03239c2c1c22df034fbffe691abe93cd80cea01d8"},
    {file = "pytest-7.4.4.tar.gz", hash = "sha256:2cf0005922c6ace4a3e2ec8b4080eb0d9753fdc93107415332f50ce9e7994280"},
]

[package.dependencies]
colorama = {version = "*", markers = "sys_platform == \"win32\""}
exceptiongroup = {version = ">=1.0.0rc8", markers = "python_version < \"3.11\""}
iniconfig = "*"
packaging = "*"
pluggy = ">=0.12,<2.0"
tomli = {version = ">=1.0.0", markers = "python_version < \"3.11\""}

[package.extras]
testing = ["argcomplete", "attrs (>=19.2.0)", "hypothesis (>=3.56)", "mock", "nose", "pygments (>=2.7.2)", "requests", "setuptools", "xmlschema"]

[[package]]
name = "six"
version = "1.17.0"
description = "Python 2 and 3 compatibility utilities"
optional = false
python-versions = "!=3.0.*,!=3.1.*,!=3.2.*,>=2.7"
groups = ["dev"]
files = [
    {file = "six-1.17.0-py2.py3-none-any.whl", hash = "sha256:4721f391ed90541fddacab5acf947aa0d3dc7d27b2e1e8eda2be8970586c3274"},
    {file = "six-1.17.0.tar.gz", hash = "sha256:ff70335d468e7eb6ec65b95b99d3a2836546063f63acc5171de367e834932a81"},
]

[[package]]
name = "tomli"
version = "2.0.1"
description = "A lil' TOML parser"
optional = false
python-versions = ">=3.7"
groups = ["dev"]
markers = "python_version < \"3.11\""
files = [
    {file = "tomli-2.0.1-py3-none-any.whl", hash = "sha256:939de3e7a6161af0c887ef91b7d41a53e7c5a1ca976325f429cb46ea9bc30ecc"},
    {file = "tomli-2.0.1.tar.gz", hash = "sha256:de526c12914f0c550d15924c62d72abc48d6fe7364aa87328337a31007fe8a4f"},
]

[[package]]
name = "tqdm"
version = "4.66.6"
description = "Fast, Extensible Progress Meter"
optional = false
python-versions = ">=3.7"
groups = ["main"]
files = [
    {file = "tqdm-4.66.6-py3-none-any.whl", hash = "sha256:223e8b5359c2efc4b30555531f09e9f2f3589bcd7fdd389271191031b49b7a63"},
    {file = "tqdm-4.66.6.tar.gz", hash = "sha256:4bdd694238bef1485ce839d67967ab50af8f9272aab687c0d7702a01da0be090"},
]

[package.dependencies]
colorama = {version = "*", markers = "platform_system == \"Windows\""}

[package.extras]
dev = ["pytest (>=6)", "pytest-cov", "pytest-timeout", "pytest-xdist"]
notebook = ["ipywidgets (>=6)"]
slack = ["slack-sdk"]
telegram = ["requests"]

[[package]]
name = "typing-extensions"
version = "4.7.1"
description = "Backported and Experimental Type Hints for Python 3.7+"
optional = false
python-versions = ">=3.7"
groups = ["dev"]
markers = "python_version < \"3.11\""
files = [
    {file = "typing_extensions-4.7.1-py3-none-any.whl", hash = "sha256:440d5dd3af93b060174bf433bccd69b0babc3b15b1a8dca43789fd7f61514b36"},
    {file = "typing_extensions-4.7.1.tar.gz", hash = "sha256:b75ddc264f0ba5615db7ba217daeb99701ad295353c45f9e95963337ceeeffb2"},
]

[[package]]
name = "win-unicode-console"
version = "0.5"
description = "Enable Unicode input and display when running Python from Windows console."
optional = false
python-versions = "*"
groups = ["dev"]
markers = "python_version <= \"3.9\""
files = [
    {file = "win_unicode_console-0.5.zip", hash = "sha256:d4142d4d56d46f449d6f00536a73625a871cba040f0bc1a2e305a04578f07d1e"},
]

[metadata]
lock-version = "2.1"
python-versions = "^3.8"
content-hash = "611d2d8029081eaf5a3b124bbf4f3433688d3444c6135daf6e51f6cac0ca29a1"
